// !$*UTF8*$!
{
	archiveVersion = 1;
	classes = {
	};
	objectVersion = 56;
	objects = {

/* Begin PBXBuildFile section */
		24A86F5C2B81524E00B3D94E /* ExpandableSelectionButton.swift in Sources */ = {isa = PBXBuildFile; fileRef = 24A86F5B2B81524E00B3D94E /* ExpandableSelectionButton.swift */; };
		F54422B82C526D2800CF1A1C /* FlightMarkerAnnotationView.swift in Sources */ = {isa = PBXBuildFile; fileRef = F54422B72C526D2800CF1A1C /* FlightMarkerAnnotationView.swift */; };
		F54422BA2C526D8F00CF1A1C /* MapRepresentable.swift in Sources */ = {isa = PBXBuildFile; fileRef = F54422B92C526D8E00CF1A1C /* MapRepresentable.swift */; };
		F54422BF2C53C2E000CF1A1C /* FlightAnnotation.swift in Sources */ = {isa = PBXBuildFile; fileRef = F54422BE2C53C2E000CF1A1C /* FlightAnnotation.swift */; };
		F55BBEF22ABA9D1E005E32E1 /* AdvisoryStatus.swift in Sources */ = {isa = PBXBuildFile; fileRef = F55BBEF12ABA9D1E005E32E1 /* AdvisoryStatus.swift */; };
		F5EC33F62AB274E4004A2F57 /* TellusApp.swift in Sources */ = {isa = PBXBuildFile; fileRef = F5EC33F52AB274E4004A2F57 /* TellusApp.swift */; };
		F5EC33F82AB274E4004A2F57 /* MainMapView.swift in Sources */ = {isa = PBXBuildFile; fileRef = F5EC33F72AB274E4004A2F57 /* MainMapView.swift */; };
		F5EC33FA2AB274E5004A2F57 /* Assets.xcassets in Resources */ = {isa = PBXBuildFile; fileRef = F5EC33F92AB274E5004A2F57 /* Assets.xcassets */; };
		F5EC33FD2AB274E5004A2F57 /* Preview Assets.xcassets in Resources */ = {isa = PBXBuildFile; fileRef = F5EC33FC2AB274E5004A2F57 /* Preview Assets.xcassets */; };
		F5EC34072AB274E5004A2F57 /* TellusTests.swift in Sources */ = {isa = PBXBuildFile; fileRef = F5EC34062AB274E5004A2F57 /* TellusTests.swift */; };
		F5EC34112AB274E5004A2F57 /* TellusUITests.swift in Sources */ = {isa = PBXBuildFile; fileRef = F5EC34102AB274E5004A2F57 /* TellusUITests.swift */; };
		F5EC34132AB274E5004A2F57 /* TellusUITestsLaunchTests.swift in Sources */ = {isa = PBXBuildFile; fileRef = F5EC34122AB274E5004A2F57 /* TellusUITestsLaunchTests.swift */; };
		F5EC34202AB29704004A2F57 /* Country.swift in Sources */ = {isa = PBXBuildFile; fileRef = F5EC341F2AB29704004A2F57 /* Country.swift */; };
		F5EC34262AB96F1F004A2F57 /* AdmissoryStatus.swift in Sources */ = {isa = PBXBuildFile; fileRef = F5EC34252AB96F1F004A2F57 /* AdmissoryStatus.swift */; };
		F5FCC8462C504C4800569DC5 /* MainMapViewModel.swift in Sources */ = {isa = PBXBuildFile; fileRef = F5FCC8452C504C4800569DC5 /* MainMapViewModel.swift */; };
		F5FCC8492C504D8D00569DC5 /* AdmissoryStatus + Color.swift in Sources */ = {isa = PBXBuildFile; fileRef = F5FCC8482C504D8D00569DC5 /* AdmissoryStatus + Color.swift */; };
		F5FCC84B2C504D9A00569DC5 /* AdvisoryStatus + Color.swift in Sources */ = {isa = PBXBuildFile; fileRef = F5FCC84A2C504D9A00569DC5 /* AdvisoryStatus + Color.swift */; };
		F5FCC84D2C5051AC00569DC5 /* Color.swift in Sources */ = {isa = PBXBuildFile; fileRef = F5FCC84C2C5051AC00569DC5 /* Color.swift */; };
		F5FCC84F2C5051E200569DC5 /* CircularStatusView.swift in Sources */ = {isa = PBXBuildFile; fileRef = F5FCC84E2C5051E200569DC5 /* CircularStatusView.swift */; };
		F5FCC8512C50520300569DC5 /* AsyncFlagView.swift in Sources */ = {isa = PBXBuildFile; fileRef = F5FCC8502C50520300569DC5 /* AsyncFlagView.swift */; };
		F5FCC8582C50534E00569DC5 /* Service.swift in Sources */ = {isa = PBXBuildFile; fileRef = F5FCC8522C50534E00569DC5 /* Service.swift */; };
		F5FCC8592C50534E00569DC5 /* HTTPMethod.swift in Sources */ = {isa = PBXBuildFile; fileRef = F5FCC8532C50534E00569DC5 /* HTTPMethod.swift */; };
		F5FCC85A2C50534E00569DC5 /* HTTPError.swift in Sources */ = {isa = PBXBuildFile; fileRef = F5FCC8542C50534E00569DC5 /* HTTPError.swift */; };
		F5FCC85B2C50534E00569DC5 /* AdvisoryService.swift in Sources */ = {isa = PBXBuildFile; fileRef = F5FCC8552C50534E00569DC5 /* AdvisoryService.swift */; };
		F5FCC85C2C50534E00569DC5 /* NetworkService.swift in Sources */ = {isa = PBXBuildFile; fileRef = F5FCC8562C50534E00569DC5 /* NetworkService.swift */; };
		F5FCC85D2C50534E00569DC5 /* Endpoint.swift in Sources */ = {isa = PBXBuildFile; fileRef = F5FCC8572C50534E00569DC5 /* Endpoint.swift */; };
		F5FCC85F2C505F9D00569DC5 /* AdmissoryService.swift in Sources */ = {isa = PBXBuildFile; fileRef = F5FCC85E2C505F9D00569DC5 /* AdmissoryService.swift */; };
		F5FCC8622C50610F00569DC5 /* CountriesService.swift in Sources */ = {isa = PBXBuildFile; fileRef = F5FCC8612C50610F00569DC5 /* CountriesService.swift */; };
		F5FCC8642C5063C500569DC5 /* OpenSkyService.swift in Sources */ = {isa = PBXBuildFile; fileRef = F5FCC8632C5063C500569DC5 /* OpenSkyService.swift */; };
		F5FCC8662C5066FB00569DC5 /* FlightData.swift in Sources */ = {isa = PBXBuildFile; fileRef = F5FCC8652C5066FB00569DC5 /* FlightData.swift */; };
/* End PBXBuildFile section */

/* Begin PBXContainerItemProxy section */
		F5EC34032AB274E5004A2F57 /* PBXContainerItemProxy */ = {
			isa = PBXContainerItemProxy;
			containerPortal = F5EC33EA2AB274E4004A2F57 /* Project object */;
			proxyType = 1;
			remoteGlobalIDString = F5EC33F12AB274E4004A2F57;
			remoteInfo = Tellus;
		};
		F5EC340D2AB274E5004A2F57 /* PBXContainerItemProxy */ = {
			isa = PBXContainerItemProxy;
			containerPortal = F5EC33EA2AB274E4004A2F57 /* Project object */;
			proxyType = 1;
			remoteGlobalIDString = F5EC33F12AB274E4004A2F57;
			remoteInfo = Tellus;
		};
/* End PBXContainerItemProxy section */

/* Begin PBXFileReference section */
		24A86F5B2B81524E00B3D94E /* ExpandableSelectionButton.swift */ = {isa = PBXFileReference; lastKnownFileType = sourcecode.swift; path = ExpandableSelectionButton.swift; sourceTree = "<group>"; };
		F54422B72C526D2800CF1A1C /* FlightMarkerAnnotationView.swift */ = {isa = PBXFileReference; lastKnownFileType = sourcecode.swift; path = FlightMarkerAnnotationView.swift; sourceTree = "<group>"; };
		F54422B92C526D8E00CF1A1C /* MapRepresentable.swift */ = {isa = PBXFileReference; lastKnownFileType = sourcecode.swift; path = MapRepresentable.swift; sourceTree = "<group>"; };
		F54422BE2C53C2E000CF1A1C /* FlightAnnotation.swift */ = {isa = PBXFileReference; lastKnownFileType = sourcecode.swift; path = FlightAnnotation.swift; sourceTree = "<group>"; };
		F55BBEF12ABA9D1E005E32E1 /* AdvisoryStatus.swift */ = {isa = PBXFileReference; lastKnownFileType = sourcecode.swift; path = AdvisoryStatus.swift; sourceTree = "<group>"; };
		F5EC33F22AB274E4004A2F57 /* Tellus.app */ = {isa = PBXFileReference; explicitFileType = wrapper.application; includeInIndex = 0; path = Tellus.app; sourceTree = BUILT_PRODUCTS_DIR; };
		F5EC33F52AB274E4004A2F57 /* TellusApp.swift */ = {isa = PBXFileReference; lastKnownFileType = sourcecode.swift; path = TellusApp.swift; sourceTree = "<group>"; };
		F5EC33F72AB274E4004A2F57 /* MainMapView.swift */ = {isa = PBXFileReference; lastKnownFileType = sourcecode.swift; path = MainMapView.swift; sourceTree = "<group>"; };
		F5EC33F92AB274E5004A2F57 /* Assets.xcassets */ = {isa = PBXFileReference; lastKnownFileType = folder.assetcatalog; path = Assets.xcassets; sourceTree = "<group>"; };
		F5EC33FC2AB274E5004A2F57 /* Preview Assets.xcassets */ = {isa = PBXFileReference; lastKnownFileType = folder.assetcatalog; path = "Preview Assets.xcassets"; sourceTree = "<group>"; };
		F5EC34022AB274E5004A2F57 /* TellusTests.xctest */ = {isa = PBXFileReference; explicitFileType = wrapper.cfbundle; includeInIndex = 0; path = TellusTests.xctest; sourceTree = BUILT_PRODUCTS_DIR; };
		F5EC34062AB274E5004A2F57 /* TellusTests.swift */ = {isa = PBXFileReference; lastKnownFileType = sourcecode.swift; path = TellusTests.swift; sourceTree = "<group>"; };
		F5EC340C2AB274E5004A2F57 /* TellusUITests.xctest */ = {isa = PBXFileReference; explicitFileType = wrapper.cfbundle; includeInIndex = 0; path = TellusUITests.xctest; sourceTree = BUILT_PRODUCTS_DIR; };
		F5EC34102AB274E5004A2F57 /* TellusUITests.swift */ = {isa = PBXFileReference; lastKnownFileType = sourcecode.swift; path = TellusUITests.swift; sourceTree = "<group>"; };
		F5EC34122AB274E5004A2F57 /* TellusUITestsLaunchTests.swift */ = {isa = PBXFileReference; lastKnownFileType = sourcecode.swift; path = TellusUITestsLaunchTests.swift; sourceTree = "<group>"; };
		F5EC341F2AB29704004A2F57 /* Country.swift */ = {isa = PBXFileReference; lastKnownFileType = sourcecode.swift; path = Country.swift; sourceTree = "<group>"; };
		F5EC34252AB96F1F004A2F57 /* AdmissoryStatus.swift */ = {isa = PBXFileReference; lastKnownFileType = sourcecode.swift; path = AdmissoryStatus.swift; sourceTree = "<group>"; };
		F5FCC8452C504C4800569DC5 /* MainMapViewModel.swift */ = {isa = PBXFileReference; lastKnownFileType = sourcecode.swift; path = MainMapViewModel.swift; sourceTree = "<group>"; };
		F5FCC8482C504D8D00569DC5 /* AdmissoryStatus + Color.swift */ = {isa = PBXFileReference; lastKnownFileType = sourcecode.swift; path = "AdmissoryStatus + Color.swift"; sourceTree = "<group>"; };
		F5FCC84A2C504D9A00569DC5 /* AdvisoryStatus + Color.swift */ = {isa = PBXFileReference; lastKnownFileType = sourcecode.swift; path = "AdvisoryStatus + Color.swift"; sourceTree = "<group>"; };
		F5FCC84C2C5051AC00569DC5 /* Color.swift */ = {isa = PBXFileReference; lastKnownFileType = sourcecode.swift; path = Color.swift; sourceTree = "<group>"; };
		F5FCC84E2C5051E200569DC5 /* CircularStatusView.swift */ = {isa = PBXFileReference; lastKnownFileType = sourcecode.swift; path = CircularStatusView.swift; sourceTree = "<group>"; };
		F5FCC8502C50520300569DC5 /* AsyncFlagView.swift */ = {isa = PBXFileReference; lastKnownFileType = sourcecode.swift; path = AsyncFlagView.swift; sourceTree = "<group>"; };
		F5FCC8522C50534E00569DC5 /* Service.swift */ = {isa = PBXFileReference; fileEncoding = 4; lastKnownFileType = sourcecode.swift; path = Service.swift; sourceTree = "<group>"; };
		F5FCC8532C50534E00569DC5 /* HTTPMethod.swift */ = {isa = PBXFileReference; fileEncoding = 4; lastKnownFileType = sourcecode.swift; path = HTTPMethod.swift; sourceTree = "<group>"; };
		F5FCC8542C50534E00569DC5 /* HTTPError.swift */ = {isa = PBXFileReference; fileEncoding = 4; lastKnownFileType = sourcecode.swift; path = HTTPError.swift; sourceTree = "<group>"; };
		F5FCC8552C50534E00569DC5 /* AdvisoryService.swift */ = {isa = PBXFileReference; fileEncoding = 4; lastKnownFileType = sourcecode.swift; path = AdvisoryService.swift; sourceTree = "<group>"; };
		F5FCC8562C50534E00569DC5 /* NetworkService.swift */ = {isa = PBXFileReference; fileEncoding = 4; lastKnownFileType = sourcecode.swift; path = NetworkService.swift; sourceTree = "<group>"; };
		F5FCC8572C50534E00569DC5 /* Endpoint.swift */ = {isa = PBXFileReference; fileEncoding = 4; lastKnownFileType = sourcecode.swift; path = Endpoint.swift; sourceTree = "<group>"; };
		F5FCC85E2C505F9D00569DC5 /* AdmissoryService.swift */ = {isa = PBXFileReference; lastKnownFileType = sourcecode.swift; path = AdmissoryService.swift; sourceTree = "<group>"; };
		F5FCC8612C50610F00569DC5 /* CountriesService.swift */ = {isa = PBXFileReference; lastKnownFileType = sourcecode.swift; path = CountriesService.swift; sourceTree = "<group>"; };
		F5FCC8632C5063C500569DC5 /* OpenSkyService.swift */ = {isa = PBXFileReference; lastKnownFileType = sourcecode.swift; path = OpenSkyService.swift; sourceTree = "<group>"; };
		F5FCC8652C5066FB00569DC5 /* FlightData.swift */ = {isa = PBXFileReference; lastKnownFileType = sourcecode.swift; path = FlightData.swift; sourceTree = "<group>"; };
/* End PBXFileReference section */

/* Begin PBXFrameworksBuildPhase section */
		F5EC33EF2AB274E4004A2F57 /* Frameworks */ = {
			isa = PBXFrameworksBuildPhase;
			buildActionMask = 2147483647;
			files = (
			);
			runOnlyForDeploymentPostprocessing = 0;
		};
		F5EC33FF2AB274E5004A2F57 /* Frameworks */ = {
			isa = PBXFrameworksBuildPhase;
			buildActionMask = 2147483647;
			files = (
			);
			runOnlyForDeploymentPostprocessing = 0;
		};
		F5EC34092AB274E5004A2F57 /* Frameworks */ = {
			isa = PBXFrameworksBuildPhase;
			buildActionMask = 2147483647;
			files = (
			);
			runOnlyForDeploymentPostprocessing = 0;
		};
/* End PBXFrameworksBuildPhase section */

/* Begin PBXGroup section */
		F54422BD2C53C23A00CF1A1C /* Annotations */ = {
			isa = PBXGroup;
			children = (
				F54422BE2C53C2E000CF1A1C /* FlightAnnotation.swift */,
			);
			path = Annotations;
			sourceTree = "<group>";
		};
		F5EC33E92AB274E4004A2F57 = {
			isa = PBXGroup;
			children = (
				F5EC33F42AB274E4004A2F57 /* Tellus */,
				F5EC34052AB274E5004A2F57 /* TellusTests */,
				F5EC340F2AB274E5004A2F57 /* TellusUITests */,
				F5EC33F32AB274E4004A2F57 /* Products */,
			);
			sourceTree = "<group>";
		};
		F5EC33F32AB274E4004A2F57 /* Products */ = {
			isa = PBXGroup;
			children = (
				F5EC33F22AB274E4004A2F57 /* Tellus.app */,
				F5EC34022AB274E5004A2F57 /* TellusTests.xctest */,
				F5EC340C2AB274E5004A2F57 /* TellusUITests.xctest */,
			);
			name = Products;
			sourceTree = "<group>";
		};
		F5EC33F42AB274E4004A2F57 /* Tellus */ = {
			isa = PBXGroup;
			children = (
				F54422BD2C53C23A00CF1A1C /* Annotations */,
				F5FCC8472C504CB200569DC5 /* Extensions */,
				F5FCC8442C504BFA00569DC5 /* Models */,
				F5FCC8432C504BE800569DC5 /* Persistence */,
				F5FCC8422C504BDD00569DC5 /* Network */,
				F5FCC8412C504BBF00569DC5 /* Views */,
				F5FCC8402C504BB700569DC5 /* ViewModels */,
				F5EC33F52AB274E4004A2F57 /* TellusApp.swift */,
				F5EC33F92AB274E5004A2F57 /* Assets.xcassets */,
				F5EC33FB2AB274E5004A2F57 /* Preview Content */,
			);
			path = Tellus;
			sourceTree = "<group>";
		};
		F5EC33FB2AB274E5004A2F57 /* Preview Content */ = {
			isa = PBXGroup;
			children = (
				F5EC33FC2AB274E5004A2F57 /* Preview Assets.xcassets */,
			);
			path = "Preview Content";
			sourceTree = "<group>";
		};
		F5EC34052AB274E5004A2F57 /* TellusTests */ = {
			isa = PBXGroup;
			children = (
				F5EC34062AB274E5004A2F57 /* TellusTests.swift */,
			);
			path = TellusTests;
			sourceTree = "<group>";
		};
		F5EC340F2AB274E5004A2F57 /* TellusUITests */ = {
			isa = PBXGroup;
			children = (
				F5EC34102AB274E5004A2F57 /* TellusUITests.swift */,
				F5EC34122AB274E5004A2F57 /* TellusUITestsLaunchTests.swift */,
			);
			path = TellusUITests;
			sourceTree = "<group>";
		};
		F5FCC8402C504BB700569DC5 /* ViewModels */ = {
			isa = PBXGroup;
			children = (
				F5FCC8452C504C4800569DC5 /* MainMapViewModel.swift */,
			);
			path = ViewModels;
			sourceTree = "<group>";
		};
		F5FCC8412C504BBF00569DC5 /* Views */ = {
			isa = PBXGroup;
			children = (
				F5EC33F72AB274E4004A2F57 /* MainMapView.swift */,
				24A86F5B2B81524E00B3D94E /* ExpandableSelectionButton.swift */,
				F5FCC84E2C5051E200569DC5 /* CircularStatusView.swift */,
				F5FCC8502C50520300569DC5 /* AsyncFlagView.swift */,
				F54422B72C526D2800CF1A1C /* FlightMarkerAnnotationView.swift */,
				F54422B92C526D8E00CF1A1C /* MapRepresentable.swift */,
			);
			path = Views;
			sourceTree = "<group>";
		};
		F5FCC8422C504BDD00569DC5 /* Network */ = {
			isa = PBXGroup;
			children = (
				F5FCC8602C5060B100569DC5 /* Services */,
				F5FCC8572C50534E00569DC5 /* Endpoint.swift */,
				F5FCC8542C50534E00569DC5 /* HTTPError.swift */,
				F5FCC8532C50534E00569DC5 /* HTTPMethod.swift */,
				F5FCC8562C50534E00569DC5 /* NetworkService.swift */,
				F5FCC8522C50534E00569DC5 /* Service.swift */,
			);
			path = Network;
			sourceTree = "<group>";
		};
		F5FCC8432C504BE800569DC5 /* Persistence */ = {
			isa = PBXGroup;
			children = (
			);
			path = Persistence;
			sourceTree = "<group>";
		};
		F5FCC8442C504BFA00569DC5 /* Models */ = {
			isa = PBXGroup;
			children = (
				F5EC34252AB96F1F004A2F57 /* AdmissoryStatus.swift */,
				F5EC341F2AB29704004A2F57 /* Country.swift */,
				F55BBEF12ABA9D1E005E32E1 /* AdvisoryStatus.swift */,
				F5FCC8652C5066FB00569DC5 /* FlightData.swift */,
			);
			path = Models;
			sourceTree = "<group>";
		};
		F5FCC8472C504CB200569DC5 /* Extensions */ = {
			isa = PBXGroup;
			children = (
				F5FCC8482C504D8D00569DC5 /* AdmissoryStatus + Color.swift */,
				F5FCC84A2C504D9A00569DC5 /* AdvisoryStatus + Color.swift */,
				F5FCC84C2C5051AC00569DC5 /* Color.swift */,
			);
			path = Extensions;
			sourceTree = "<group>";
		};
		F5FCC8602C5060B100569DC5 /* Services */ = {
			isa = PBXGroup;
			children = (
				F5FCC8552C50534E00569DC5 /* AdvisoryService.swift */,
				F5FCC85E2C505F9D00569DC5 /* AdmissoryService.swift */,
				F5FCC8612C50610F00569DC5 /* CountriesService.swift */,
				F5FCC8632C5063C500569DC5 /* OpenSkyService.swift */,
			);
			path = Services;
			sourceTree = "<group>";
		};
/* End PBXGroup section */

/* Begin PBXNativeTarget section */
		F5EC33F12AB274E4004A2F57 /* Tellus */ = {
			isa = PBXNativeTarget;
			buildConfigurationList = F5EC34162AB274E5004A2F57 /* Build configuration list for PBXNativeTarget "Tellus" */;
			buildPhases = (
				F5EC33EE2AB274E4004A2F57 /* Sources */,
				F5EC33EF2AB274E4004A2F57 /* Frameworks */,
				F5EC33F02AB274E4004A2F57 /* Resources */,
			);
			buildRules = (
			);
			dependencies = (
			);
			name = Tellus;
			productName = Tellus;
			productReference = F5EC33F22AB274E4004A2F57 /* Tellus.app */;
			productType = "com.apple.product-type.application";
		};
		F5EC34012AB274E5004A2F57 /* TellusTests */ = {
			isa = PBXNativeTarget;
			buildConfigurationList = F5EC34192AB274E5004A2F57 /* Build configuration list for PBXNativeTarget "TellusTests" */;
			buildPhases = (
				F5EC33FE2AB274E5004A2F57 /* Sources */,
				F5EC33FF2AB274E5004A2F57 /* Frameworks */,
				F5EC34002AB274E5004A2F57 /* Resources */,
			);
			buildRules = (
			);
			dependencies = (
				F5EC34042AB274E5004A2F57 /* PBXTargetDependency */,
			);
			name = TellusTests;
			productName = TellusTests;
			productReference = F5EC34022AB274E5004A2F57 /* TellusTests.xctest */;
			productType = "com.apple.product-type.bundle.unit-test";
		};
		F5EC340B2AB274E5004A2F57 /* TellusUITests */ = {
			isa = PBXNativeTarget;
			buildConfigurationList = F5EC341C2AB274E5004A2F57 /* Build configuration list for PBXNativeTarget "TellusUITests" */;
			buildPhases = (
				F5EC34082AB274E5004A2F57 /* Sources */,
				F5EC34092AB274E5004A2F57 /* Frameworks */,
				F5EC340A2AB274E5004A2F57 /* Resources */,
			);
			buildRules = (
			);
			dependencies = (
				F5EC340E2AB274E5004A2F57 /* PBXTargetDependency */,
			);
			name = TellusUITests;
			productName = TellusUITests;
			productReference = F5EC340C2AB274E5004A2F57 /* TellusUITests.xctest */;
			productType = "com.apple.product-type.bundle.ui-testing";
		};
/* End PBXNativeTarget section */

/* Begin PBXProject section */
		F5EC33EA2AB274E4004A2F57 /* Project object */ = {
			isa = PBXProject;
			attributes = {
				BuildIndependentTargetsInParallel = 1;
				LastSwiftUpdateCheck = 1430;
				LastUpgradeCheck = 1430;
				TargetAttributes = {
					F5EC33F12AB274E4004A2F57 = {
						CreatedOnToolsVersion = 14.3.1;
					};
					F5EC34012AB274E5004A2F57 = {
						CreatedOnToolsVersion = 14.3.1;
						TestTargetID = F5EC33F12AB274E4004A2F57;
					};
					F5EC340B2AB274E5004A2F57 = {
						CreatedOnToolsVersion = 14.3.1;
						TestTargetID = F5EC33F12AB274E4004A2F57;
					};
				};
			};
			buildConfigurationList = F5EC33ED2AB274E4004A2F57 /* Build configuration list for PBXProject "Tellus" */;
			compatibilityVersion = "Xcode 14.0";
			developmentRegion = en;
			hasScannedForEncodings = 0;
			knownRegions = (
				en,
				Base,
			);
			mainGroup = F5EC33E92AB274E4004A2F57;
			productRefGroup = F5EC33F32AB274E4004A2F57 /* Products */;
			projectDirPath = "";
			projectRoot = "";
			targets = (
				F5EC33F12AB274E4004A2F57 /* Tellus */,
				F5EC34012AB274E5004A2F57 /* TellusTests */,
				F5EC340B2AB274E5004A2F57 /* TellusUITests */,
			);
		};
/* End PBXProject section */

/* Begin PBXResourcesBuildPhase section */
		F5EC33F02AB274E4004A2F57 /* Resources */ = {
			isa = PBXResourcesBuildPhase;
			buildActionMask = 2147483647;
			files = (
				F5EC33FD2AB274E5004A2F57 /* Preview Assets.xcassets in Resources */,
				F5EC33FA2AB274E5004A2F57 /* Assets.xcassets in Resources */,
			);
			runOnlyForDeploymentPostprocessing = 0;
		};
		F5EC34002AB274E5004A2F57 /* Resources */ = {
			isa = PBXResourcesBuildPhase;
			buildActionMask = 2147483647;
			files = (
			);
			runOnlyForDeploymentPostprocessing = 0;
		};
		F5EC340A2AB274E5004A2F57 /* Resources */ = {
			isa = PBXResourcesBuildPhase;
			buildActionMask = 2147483647;
			files = (
			);
			runOnlyForDeploymentPostprocessing = 0;
		};
/* End PBXResourcesBuildPhase section */

/* Begin PBXSourcesBuildPhase section */
		F5EC33EE2AB274E4004A2F57 /* Sources */ = {
			isa = PBXSourcesBuildPhase;
			buildActionMask = 2147483647;
			files = (
				F5FCC85F2C505F9D00569DC5 /* AdmissoryService.swift in Sources */,
				24A86F5C2B81524E00B3D94E /* ExpandableSelectionButton.swift in Sources */,
				F5FCC8582C50534E00569DC5 /* Service.swift in Sources */,
				F5FCC8592C50534E00569DC5 /* HTTPMethod.swift in Sources */,
				F5FCC8642C5063C500569DC5 /* OpenSkyService.swift in Sources */,
				F5FCC8492C504D8D00569DC5 /* AdmissoryStatus + Color.swift in Sources */,
				F54422BA2C526D8F00CF1A1C /* MapRepresentable.swift in Sources */,
				F5FCC8462C504C4800569DC5 /* MainMapViewModel.swift in Sources */,
				F5FCC85C2C50534E00569DC5 /* NetworkService.swift in Sources */,
				F5FCC84B2C504D9A00569DC5 /* AdvisoryStatus + Color.swift in Sources */,
				F5EC33F82AB274E4004A2F57 /* MainMapView.swift in Sources */,
				F5FCC85B2C50534E00569DC5 /* AdvisoryService.swift in Sources */,
				F54422B82C526D2800CF1A1C /* FlightMarkerAnnotationView.swift in Sources */,
				F5EC34202AB29704004A2F57 /* Country.swift in Sources */,
				F5FCC85D2C50534E00569DC5 /* Endpoint.swift in Sources */,
				F5FCC8662C5066FB00569DC5 /* FlightData.swift in Sources */,
				F5EC33F62AB274E4004A2F57 /* TellusApp.swift in Sources */,
				F5FCC84D2C5051AC00569DC5 /* Color.swift in Sources */,
				F5FCC84F2C5051E200569DC5 /* CircularStatusView.swift in Sources */,
				F5FCC8512C50520300569DC5 /* AsyncFlagView.swift in Sources */,
				F55BBEF22ABA9D1E005E32E1 /* AdvisoryStatus.swift in Sources */,
				F5FCC85A2C50534E00569DC5 /* HTTPError.swift in Sources */,
				F54422BF2C53C2E000CF1A1C /* FlightAnnotation.swift in Sources */,
				F5FCC8622C50610F00569DC5 /* CountriesService.swift in Sources */,
				F5EC34262AB96F1F004A2F57 /* AdmissoryStatus.swift in Sources */,
			);
			runOnlyForDeploymentPostprocessing = 0;
		};
		F5EC33FE2AB274E5004A2F57 /* Sources */ = {
			isa = PBXSourcesBuildPhase;
			buildActionMask = 2147483647;
			files = (
				F5EC34072AB274E5004A2F57 /* TellusTests.swift in Sources */,
			);
			runOnlyForDeploymentPostprocessing = 0;
		};
		F5EC34082AB274E5004A2F57 /* Sources */ = {
			isa = PBXSourcesBuildPhase;
			buildActionMask = 2147483647;
			files = (
				F5EC34112AB274E5004A2F57 /* TellusUITests.swift in Sources */,
				F5EC34132AB274E5004A2F57 /* TellusUITestsLaunchTests.swift in Sources */,
			);
			runOnlyForDeploymentPostprocessing = 0;
		};
/* End PBXSourcesBuildPhase section */

/* Begin PBXTargetDependency section */
		F5EC34042AB274E5004A2F57 /* PBXTargetDependency */ = {
			isa = PBXTargetDependency;
			target = F5EC33F12AB274E4004A2F57 /* Tellus */;
			targetProxy = F5EC34032AB274E5004A2F57 /* PBXContainerItemProxy */;
		};
		F5EC340E2AB274E5004A2F57 /* PBXTargetDependency */ = {
			isa = PBXTargetDependency;
			target = F5EC33F12AB274E4004A2F57 /* Tellus */;
			targetProxy = F5EC340D2AB274E5004A2F57 /* PBXContainerItemProxy */;
		};
/* End PBXTargetDependency section */

/* Begin XCBuildConfiguration section */
		F5EC34142AB274E5004A2F57 /* Debug */ = {
			isa = XCBuildConfiguration;
			buildSettings = {
				ALWAYS_SEARCH_USER_PATHS = NO;
				CLANG_ANALYZER_NONNULL = YES;
				CLANG_ANALYZER_NUMBER_OBJECT_CONVERSION = YES_AGGRESSIVE;
				CLANG_CXX_LANGUAGE_STANDARD = "gnu++20";
				CLANG_ENABLE_MODULES = YES;
				CLANG_ENABLE_OBJC_ARC = YES;
				CLANG_ENABLE_OBJC_WEAK = YES;
				CLANG_WARN_BLOCK_CAPTURE_AUTORELEASING = YES;
				CLANG_WARN_BOOL_CONVERSION = YES;
				CLANG_WARN_COMMA = YES;
				CLANG_WARN_CONSTANT_CONVERSION = YES;
				CLANG_WARN_DEPRECATED_OBJC_IMPLEMENTATIONS = YES;
				CLANG_WARN_DIRECT_OBJC_ISA_USAGE = YES_ERROR;
				CLANG_WARN_DOCUMENTATION_COMMENTS = YES;
				CLANG_WARN_EMPTY_BODY = YES;
				CLANG_WARN_ENUM_CONVERSION = YES;
				CLANG_WARN_INFINITE_RECURSION = YES;
				CLANG_WARN_INT_CONVERSION = YES;
				CLANG_WARN_NON_LITERAL_NULL_CONVERSION = YES;
				CLANG_WARN_OBJC_IMPLICIT_RETAIN_SELF = YES;
				CLANG_WARN_OBJC_LITERAL_CONVERSION = YES;
				CLANG_WARN_OBJC_ROOT_CLASS = YES_ERROR;
				CLANG_WARN_QUOTED_INCLUDE_IN_FRAMEWORK_HEADER = YES;
				CLANG_WARN_RANGE_LOOP_ANALYSIS = YES;
				CLANG_WARN_STRICT_PROTOTYPES = YES;
				CLANG_WARN_SUSPICIOUS_MOVE = YES;
				CLANG_WARN_UNGUARDED_AVAILABILITY = YES_AGGRESSIVE;
				CLANG_WARN_UNREACHABLE_CODE = YES;
				CLANG_WARN__DUPLICATE_METHOD_MATCH = YES;
				COPY_PHASE_STRIP = NO;
				DEBUG_INFORMATION_FORMAT = dwarf;
				ENABLE_STRICT_OBJC_MSGSEND = YES;
				ENABLE_TESTABILITY = YES;
				GCC_C_LANGUAGE_STANDARD = gnu11;
				GCC_DYNAMIC_NO_PIC = NO;
				GCC_NO_COMMON_BLOCKS = YES;
				GCC_OPTIMIZATION_LEVEL = 0;
				GCC_PREPROCESSOR_DEFINITIONS = (
					"DEBUG=1",
					"$(inherited)",
				);
				GCC_WARN_64_TO_32_BIT_CONVERSION = YES;
				GCC_WARN_ABOUT_RETURN_TYPE = YES_ERROR;
				GCC_WARN_UNDECLARED_SELECTOR = YES;
				GCC_WARN_UNINITIALIZED_AUTOS = YES_AGGRESSIVE;
				GCC_WARN_UNUSED_FUNCTION = YES;
				GCC_WARN_UNUSED_VARIABLE = YES;
				IPHONEOS_DEPLOYMENT_TARGET = 16.4;
				MTL_ENABLE_DEBUG_INFO = INCLUDE_SOURCE;
				MTL_FAST_MATH = YES;
				ONLY_ACTIVE_ARCH = YES;
				SDKROOT = iphoneos;
				SWIFT_ACTIVE_COMPILATION_CONDITIONS = DEBUG;
				SWIFT_OPTIMIZATION_LEVEL = "-Onone";
			};
			name = Debug;
		};
		F5EC34152AB274E5004A2F57 /* Release */ = {
			isa = XCBuildConfiguration;
			buildSettings = {
				ALWAYS_SEARCH_USER_PATHS = NO;
				CLANG_ANALYZER_NONNULL = YES;
				CLANG_ANALYZER_NUMBER_OBJECT_CONVERSION = YES_AGGRESSIVE;
				CLANG_CXX_LANGUAGE_STANDARD = "gnu++20";
				CLANG_ENABLE_MODULES = YES;
				CLANG_ENABLE_OBJC_ARC = YES;
				CLANG_ENABLE_OBJC_WEAK = YES;
				CLANG_WARN_BLOCK_CAPTURE_AUTORELEASING = YES;
				CLANG_WARN_BOOL_CONVERSION = YES;
				CLANG_WARN_COMMA = YES;
				CLANG_WARN_CONSTANT_CONVERSION = YES;
				CLANG_WARN_DEPRECATED_OBJC_IMPLEMENTATIONS = YES;
				CLANG_WARN_DIRECT_OBJC_ISA_USAGE = YES_ERROR;
				CLANG_WARN_DOCUMENTATION_COMMENTS = YES;
				CLANG_WARN_EMPTY_BODY = YES;
				CLANG_WARN_ENUM_CONVERSION = YES;
				CLANG_WARN_INFINITE_RECURSION = YES;
				CLANG_WARN_INT_CONVERSION = YES;
				CLANG_WARN_NON_LITERAL_NULL_CONVERSION = YES;
				CLANG_WARN_OBJC_IMPLICIT_RETAIN_SELF = YES;
				CLANG_WARN_OBJC_LITERAL_CONVERSION = YES;
				CLANG_WARN_OBJC_ROOT_CLASS = YES_ERROR;
				CLANG_WARN_QUOTED_INCLUDE_IN_FRAMEWORK_HEADER = YES;
				CLANG_WARN_RANGE_LOOP_ANALYSIS = YES;
				CLANG_WARN_STRICT_PROTOTYPES = YES;
				CLANG_WARN_SUSPICIOUS_MOVE = YES;
				CLANG_WARN_UNGUARDED_AVAILABILITY = YES_AGGRESSIVE;
				CLANG_WARN_UNREACHABLE_CODE = YES;
				CLANG_WARN__DUPLICATE_METHOD_MATCH = YES;
				COPY_PHASE_STRIP = NO;
				DEBUG_INFORMATION_FORMAT = "dwarf-with-dsym";
				ENABLE_NS_ASSERTIONS = NO;
				ENABLE_STRICT_OBJC_MSGSEND = YES;
				GCC_C_LANGUAGE_STANDARD = gnu11;
				GCC_NO_COMMON_BLOCKS = YES;
				GCC_WARN_64_TO_32_BIT_CONVERSION = YES;
				GCC_WARN_ABOUT_RETURN_TYPE = YES_ERROR;
				GCC_WARN_UNDECLARED_SELECTOR = YES;
				GCC_WARN_UNINITIALIZED_AUTOS = YES_AGGRESSIVE;
				GCC_WARN_UNUSED_FUNCTION = YES;
				GCC_WARN_UNUSED_VARIABLE = YES;
				IPHONEOS_DEPLOYMENT_TARGET = 16.4;
				MTL_ENABLE_DEBUG_INFO = NO;
				MTL_FAST_MATH = YES;
				SDKROOT = iphoneos;
				SWIFT_COMPILATION_MODE = wholemodule;
				SWIFT_OPTIMIZATION_LEVEL = "-O";
				VALIDATE_PRODUCT = YES;
			};
			name = Release;
		};
		F5EC34172AB274E5004A2F57 /* Debug */ = {
			isa = XCBuildConfiguration;
			buildSettings = {
				ASSETCATALOG_COMPILER_APPICON_NAME = AppIcon;
				ASSETCATALOG_COMPILER_GLOBAL_ACCENT_COLOR_NAME = AccentColor;
				CODE_SIGN_STYLE = Automatic;
				CURRENT_PROJECT_VERSION = 1;
				DEVELOPMENT_ASSET_PATHS = "\"Tellus/Preview Content\"";
				DEVELOPMENT_TEAM = F2882L3WU5;
				ENABLE_PREVIEWS = YES;
				GENERATE_INFOPLIST_FILE = YES;
				INFOPLIST_KEY_UIApplicationSceneManifest_Generation = YES;
				INFOPLIST_KEY_UIApplicationSupportsIndirectInputEvents = YES;
				INFOPLIST_KEY_UILaunchScreen_Generation = YES;
				INFOPLIST_KEY_UISupportedInterfaceOrientations_iPad = "UIInterfaceOrientationPortrait UIInterfaceOrientationPortraitUpsideDown UIInterfaceOrientationLandscapeLeft UIInterfaceOrientationLandscapeRight";
				INFOPLIST_KEY_UISupportedInterfaceOrientations_iPhone = "UIInterfaceOrientationPortrait UIInterfaceOrientationLandscapeLeft UIInterfaceOrientationLandscapeRight";
				IPHONEOS_DEPLOYMENT_TARGET = 17.5;
				LD_RUNPATH_SEARCH_PATHS = (
					"$(inherited)",
					"@executable_path/Frameworks",
				);
				MARKETING_VERSION = 1.0;
				PRODUCT_BUNDLE_IDENTIFIER = com.pathos.Tellus;
				PRODUCT_NAME = "$(TARGET_NAME)";
				SWIFT_EMIT_LOC_STRINGS = YES;
				SWIFT_VERSION = 5.0;
				TARGETED_DEVICE_FAMILY = "1,2";
			};
			name = Debug;
		};
		F5EC34182AB274E5004A2F57 /* Release */ = {
			isa = XCBuildConfiguration;
			buildSettings = {
				ASSETCATALOG_COMPILER_APPICON_NAME = AppIcon;
				ASSETCATALOG_COMPILER_GLOBAL_ACCENT_COLOR_NAME = AccentColor;
				CODE_SIGN_STYLE = Automatic;
				CURRENT_PROJECT_VERSION = 1;
				DEVELOPMENT_ASSET_PATHS = "\"Tellus/Preview Content\"";
				DEVELOPMENT_TEAM = F2882L3WU5;
				ENABLE_PREVIEWS = YES;
				GENERATE_INFOPLIST_FILE = YES;
				INFOPLIST_KEY_UIApplicationSceneManifest_Generation = YES;
				INFOPLIST_KEY_UIApplicationSupportsIndirectInputEvents = YES;
				INFOPLIST_KEY_UILaunchScreen_Generation = YES;
				INFOPLIST_KEY_UISupportedInterfaceOrientations_iPad = "UIInterfaceOrientationPortrait UIInterfaceOrientationPortraitUpsideDown UIInterfaceOrientationLandscapeLeft UIInterfaceOrientationLandscapeRight";
				INFOPLIST_KEY_UISupportedInterfaceOrientations_iPhone = "UIInterfaceOrientationPortrait UIInterfaceOrientationLandscapeLeft UIInterfaceOrientationLandscapeRight";
				IPHONEOS_DEPLOYMENT_TARGET = 17.5;
				LD_RUNPATH_SEARCH_PATHS = (
					"$(inherited)",
					"@executable_path/Frameworks",
				);
				MARKETING_VERSION = 1.0;
				PRODUCT_BUNDLE_IDENTIFIER = com.pathos.Tellus;
				PRODUCT_NAME = "$(TARGET_NAME)";
				SWIFT_EMIT_LOC_STRINGS = YES;
				SWIFT_VERSION = 5.0;
				TARGETED_DEVICE_FAMILY = "1,2";
			};
			name = Release;
		};
		F5EC341A2AB274E5004A2F57 /* Debug */ = {
			isa = XCBuildConfiguration;
			buildSettings = {
				ALWAYS_EMBED_SWIFT_STANDARD_LIBRARIES = YES;
				BUNDLE_LOADER = "$(TEST_HOST)";
				CODE_SIGN_STYLE = Automatic;
				CURRENT_PROJECT_VERSION = 1;
				DEVELOPMENT_TEAM = F2882L3WU5;
				GENERATE_INFOPLIST_FILE = YES;
				IPHONEOS_DEPLOYMENT_TARGET = 16.4;
				MARKETING_VERSION = 1.0;
				PRODUCT_BUNDLE_IDENTIFIER = com.pathos.TellusTests;
				PRODUCT_NAME = "$(TARGET_NAME)";
				SWIFT_EMIT_LOC_STRINGS = NO;
				SWIFT_VERSION = 5.0;
				TARGETED_DEVICE_FAMILY = "1,2";
				TEST_HOST = "$(BUILT_PRODUCTS_DIR)/Tellus.app/$(BUNDLE_EXECUTABLE_FOLDER_PATH)/Tellus";
			};
			name = Debug;
		};
		F5EC341B2AB274E5004A2F57 /* Release */ = {
			isa = XCBuildConfiguration;
			buildSettings = {
				ALWAYS_EMBED_SWIFT_STANDARD_LIBRARIES = YES;
				BUNDLE_LOADER = "$(TEST_HOST)";
				CODE_SIGN_STYLE = Automatic;
				CURRENT_PROJECT_VERSION = 1;
				DEVELOPMENT_TEAM = F2882L3WU5;
				GENERATE_INFOPLIST_FILE = YES;
				IPHONEOS_DEPLOYMENT_TARGET = 16.4;
				MARKETING_VERSION = 1.0;
				PRODUCT_BUNDLE_IDENTIFIER = com.pathos.TellusTests;
				PRODUCT_NAME = "$(TARGET_NAME)";
				SWIFT_EMIT_LOC_STRINGS = NO;
				SWIFT_VERSION = 5.0;
				TARGETED_DEVICE_FAMILY = "1,2";
				TEST_HOST = "$(BUILT_PRODUCTS_DIR)/Tellus.app/$(BUNDLE_EXECUTABLE_FOLDER_PATH)/Tellus";
			};
			name = Release;
		};
		F5EC341D2AB274E5004A2F57 /* Debug */ = {
			isa = XCBuildConfiguration;
			buildSettings = {
				ALWAYS_EMBED_SWIFT_STANDARD_LIBRARIES = YES;
				CODE_SIGN_STYLE = Automatic;
				CURRENT_PROJECT_VERSION = 1;
				DEVELOPMENT_TEAM = F2882L3WU5;
				GENERATE_INFOPLIST_FILE = YES;
				MARKETING_VERSION = 1.0;
				PRODUCT_BUNDLE_IDENTIFIER = com.pathos.TellusUITests;
				PRODUCT_NAME = "$(TARGET_NAME)";
				SWIFT_EMIT_LOC_STRINGS = NO;
				SWIFT_VERSION = 5.0;
				TARGETED_DEVICE_FAMILY = "1,2";
				TEST_TARGET_NAME = Tellus;
			};
			name = Debug;
		};
		F5EC341E2AB274E5004A2F57 /* Release */ = {
			isa = XCBuildConfiguration;
			buildSettings = {
				ALWAYS_EMBED_SWIFT_STANDARD_LIBRARIES = YES;
				CODE_SIGN_STYLE = Automatic;
				CURRENT_PROJECT_VERSION = 1;
				DEVELOPMENT_TEAM = F2882L3WU5;
				GENERATE_INFOPLIST_FILE = YES;
				MARKETING_VERSION = 1.0;
				PRODUCT_BUNDLE_IDENTIFIER = com.pathos.TellusUITests;
				PRODUCT_NAME = "$(TARGET_NAME)";
				SWIFT_EMIT_LOC_STRINGS = NO;
				SWIFT_VERSION = 5.0;
				TARGETED_DEVICE_FAMILY = "1,2";
				TEST_TARGET_NAME = Tellus;
			};
			name = Release;
		};
/* End XCBuildConfiguration section */

/* Begin XCConfigurationList section */
		F5EC33ED2AB274E4004A2F57 /* Build configuration list for PBXProject "Tellus" */ = {
			isa = XCConfigurationList;
			buildConfigurations = (
				F5EC34142AB274E5004A2F57 /* Debug */,
				F5EC34152AB274E5004A2F57 /* Release */,
			);
			defaultConfigurationIsVisible = 0;
			defaultConfigurationName = Release;
		};
		F5EC34162AB274E5004A2F57 /* Build configuration list for PBXNativeTarget "Tellus" */ = {
			isa = XCConfigurationList;
			buildConfigurations = (
				F5EC34172AB274E5004A2F57 /* Debug */,
				F5EC34182AB274E5004A2F57 /* Release */,
			);
			defaultConfigurationIsVisible = 0;
			defaultConfigurationName = Release;
		};
		F5EC34192AB274E5004A2F57 /* Build configuration list for PBXNativeTarget "TellusTests" */ = {
			isa = XCConfigurationList;
			buildConfigurations = (
				F5EC341A2AB274E5004A2F57 /* Debug */,
				F5EC341B2AB274E5004A2F57 /* Release */,
			);
			defaultConfigurationIsVisible = 0;
			defaultConfigurationName = Release;
		};
		F5EC341C2AB274E5004A2F57 /* Build configuration list for PBXNativeTarget "TellusUITests" */ = {
			isa = XCConfigurationList;
			buildConfigurations = (
				F5EC341D2AB274E5004A2F57 /* Debug */,
				F5EC341E2AB274E5004A2F57 /* Release */,
			);
			defaultConfigurationIsVisible = 0;
			defaultConfigurationName = Release;
		};
/* End XCConfigurationList section */
	};
	rootObject = F5EC33EA2AB274E4004A2F57 /* Project object */;
}
